// !$*UTF8*$!
{
	archiveVersion = 1;
	classes = {
	};
	objectVersion = 56;
	objects = {

/* Begin PBXBuildFile section */
		0D18C3B62AE1622C00DDA2BB /* EntryBuilder.swift in Sources */ = {isa = PBXBuildFile; fileRef = 0D18C3B52AE1622C00DDA2BB /* EntryBuilder.swift */; };
		0D18C3B92AE168C900DDA2BB /* FirebaseAnalytics in Frameworks */ = {isa = PBXBuildFile; productRef = 0D18C3B82AE168C900DDA2BB /* FirebaseAnalytics */; };
		0D18C3BB2AE168C900DDA2BB /* FirebaseAnalyticsOnDeviceConversion in Frameworks */ = {isa = PBXBuildFile; productRef = 0D18C3BA2AE168C900DDA2BB /* FirebaseAnalyticsOnDeviceConversion */; };
		0D18C3BD2AE168C900DDA2BB /* FirebaseAnalyticsSwift in Frameworks */ = {isa = PBXBuildFile; productRef = 0D18C3BC2AE168C900DDA2BB /* FirebaseAnalyticsSwift */; };
		0D18C3BF2AE168C900DDA2BB /* FirebaseAnalyticsWithoutAdIdSupport in Frameworks */ = {isa = PBXBuildFile; productRef = 0D18C3BE2AE168C900DDA2BB /* FirebaseAnalyticsWithoutAdIdSupport */; };
		0D18C3C12AE168C900DDA2BB /* FirebaseAppCheck in Frameworks */ = {isa = PBXBuildFile; productRef = 0D18C3C02AE168C900DDA2BB /* FirebaseAppCheck */; };
		0D18C3C32AE168C900DDA2BB /* FirebaseAppDistribution-Beta in Frameworks */ = {isa = PBXBuildFile; productRef = 0D18C3C22AE168C900DDA2BB /* FirebaseAppDistribution-Beta */; };
		0D18C3C52AE168C900DDA2BB /* FirebaseAuth in Frameworks */ = {isa = PBXBuildFile; productRef = 0D18C3C42AE168C900DDA2BB /* FirebaseAuth */; };
		0D18C3C72AE168C900DDA2BB /* FirebaseAuthCombine-Community in Frameworks */ = {isa = PBXBuildFile; productRef = 0D18C3C62AE168C900DDA2BB /* FirebaseAuthCombine-Community */; };
		0D18C3C92AE168C900DDA2BB /* FirebaseCrashlytics in Frameworks */ = {isa = PBXBuildFile; productRef = 0D18C3C82AE168C900DDA2BB /* FirebaseCrashlytics */; };
		0D18C3CB2AE168CA00DDA2BB /* FirebaseDatabase in Frameworks */ = {isa = PBXBuildFile; productRef = 0D18C3CA2AE168CA00DDA2BB /* FirebaseDatabase */; };
		0D18C3CD2AE168CA00DDA2BB /* FirebaseDatabaseSwift in Frameworks */ = {isa = PBXBuildFile; productRef = 0D18C3CC2AE168CA00DDA2BB /* FirebaseDatabaseSwift */; };
		0D18C3CF2AE168CA00DDA2BB /* FirebaseDynamicLinks in Frameworks */ = {isa = PBXBuildFile; productRef = 0D18C3CE2AE168CA00DDA2BB /* FirebaseDynamicLinks */; };
		0D18C3D12AE168CA00DDA2BB /* FirebaseFirestore in Frameworks */ = {isa = PBXBuildFile; productRef = 0D18C3D02AE168CA00DDA2BB /* FirebaseFirestore */; };
		0D18C3D32AE1693700DDA2BB /* FirestoreStorage.swift in Sources */ = {isa = PBXBuildFile; fileRef = 0D18C3D22AE1693700DDA2BB /* FirestoreStorage.swift */; };
		0D18C3D52AE16CC400DDA2BB /* AppDelegate.swift in Sources */ = {isa = PBXBuildFile; fileRef = 0D18C3D42AE16CC400DDA2BB /* AppDelegate.swift */; };
		0D18C3D72AE16D7B00DDA2BB /* GoogleService-Info.plist in Resources */ = {isa = PBXBuildFile; fileRef = 0D18C3D62AE16D7B00DDA2BB /* GoogleService-Info.plist */; };
		0D18C3D92AE1AD0A00DDA2BB /* CustomTextView.swift in Sources */ = {isa = PBXBuildFile; fileRef = 0D18C3D82AE1AD0A00DDA2BB /* CustomTextView.swift */; };
		0D18C3FB2AE2763400DDA2BB /* StorageServiceMock.swift in Sources */ = {isa = PBXBuildFile; fileRef = 0D18C3FA2AE2763400DDA2BB /* StorageServiceMock.swift */; };
		0D18C3FF2AE27F1400DDA2BB /* EntriesManagerMock.swift in Sources */ = {isa = PBXBuildFile; fileRef = 0D18C3FE2AE27F1400DDA2BB /* EntriesManagerMock.swift */; };
		0D87A5682AE2A5380012BC90 /* NoteEntityTests.swift in Sources */ = {isa = PBXBuildFile; fileRef = 0D87A5642AE2A5380012BC90 /* NoteEntityTests.swift */; };
		0D87A5692AE2A5380012BC90 /* EntryBuilderTests.swift in Sources */ = {isa = PBXBuildFile; fileRef = 0D87A5662AE2A5380012BC90 /* EntryBuilderTests.swift */; };
		0D87A56A2AE2A5380012BC90 /* NotesManagerTests.swift in Sources */ = {isa = PBXBuildFile; fileRef = 0D87A5672AE2A5380012BC90 /* NotesManagerTests.swift */; };
		0DAB60E02AE00A4100258574 /* NotepadApp.swift in Sources */ = {isa = PBXBuildFile; fileRef = 0DAB60DF2AE00A4100258574 /* NotepadApp.swift */; };
		0DAB60E22AE00A4100258574 /* RootView.swift in Sources */ = {isa = PBXBuildFile; fileRef = 0DAB60E12AE00A4100258574 /* RootView.swift */; };
		0DAB60E42AE00A4400258574 /* Assets.xcassets in Resources */ = {isa = PBXBuildFile; fileRef = 0DAB60E32AE00A4400258574 /* Assets.xcassets */; };
		0DAB60E72AE00A4400258574 /* Preview Assets.xcassets in Resources */ = {isa = PBXBuildFile; fileRef = 0DAB60E62AE00A4400258574 /* Preview Assets.xcassets */; };
		0DAB60EF2AE00A9200258574 /* NoteEntity.swift in Sources */ = {isa = PBXBuildFile; fileRef = 0DAB60EE2AE00A9200258574 /* NoteEntity.swift */; };
		0DAB60F22AE00BDB00258574 /* StorageService.swift in Sources */ = {isa = PBXBuildFile; fileRef = 0DAB60F12AE00BDB00258574 /* StorageService.swift */; };
		0DAB60F52AE0135000258574 /* NotePreviewView.swift in Sources */ = {isa = PBXBuildFile; fileRef = 0DAB60F42AE0135000258574 /* NotePreviewView.swift */; };
		0DAB60F72AE013B900258574 /* NoteDetailsView.swift in Sources */ = {isa = PBXBuildFile; fileRef = 0DAB60F62AE013B900258574 /* NoteDetailsView.swift */; };
		0DAB60FB2AE118ED00258574 /* EnvironmentValues.swift in Sources */ = {isa = PBXBuildFile; fileRef = 0DAB60FA2AE118ED00258574 /* EnvironmentValues.swift */; };
		0DAB60FD2AE11A9200258574 /* EntriesProviderService.swift in Sources */ = {isa = PBXBuildFile; fileRef = 0DAB60FC2AE11A9200258574 /* EntriesProviderService.swift */; };
		0DAB60FF2AE11D5900258574 /* DependencyInjection.swift in Sources */ = {isa = PBXBuildFile; fileRef = 0DAB60FE2AE11D5900258574 /* DependencyInjection.swift */; };
		0DAB61022AE11DA100258574 /* Swinject in Frameworks */ = {isa = PBXBuildFile; productRef = 0DAB61012AE11DA100258574 /* Swinject */; };
		0DAB61042AE11DA100258574 /* Swinject-Dynamic in Frameworks */ = {isa = PBXBuildFile; productRef = 0DAB61032AE11DA100258574 /* Swinject-Dynamic */; };
		0DAB61062AE14C0C00258574 /* WrapperViews.swift in Sources */ = {isa = PBXBuildFile; fileRef = 0DAB61052AE14C0C00258574 /* WrapperViews.swift */; };
		0DAB61092AE1589B00258574 /* NSNotification.swift in Sources */ = {isa = PBXBuildFile; fileRef = 0DAB61082AE1589B00258574 /* NSNotification.swift */; };
/* End PBXBuildFile section */

/* Begin PBXContainerItemProxy section */
		0D18C3F42AE2761800DDA2BB /* PBXContainerItemProxy */ = {
			isa = PBXContainerItemProxy;
			containerPortal = 0DAB60D42AE00A4100258574 /* Project object */;
			proxyType = 1;
			remoteGlobalIDString = 0DAB60DB2AE00A4100258574;
			remoteInfo = Notepad;
		};
/* End PBXContainerItemProxy section */

/* Begin PBXFileReference section */
		0D18C3B52AE1622C00DDA2BB /* EntryBuilder.swift */ = {isa = PBXFileReference; lastKnownFileType = sourcecode.swift; path = EntryBuilder.swift; sourceTree = "<group>"; };
		0D18C3D22AE1693700DDA2BB /* FirestoreStorage.swift */ = {isa = PBXFileReference; lastKnownFileType = sourcecode.swift; path = FirestoreStorage.swift; sourceTree = "<group>"; };
		0D18C3D42AE16CC400DDA2BB /* AppDelegate.swift */ = {isa = PBXFileReference; lastKnownFileType = sourcecode.swift; path = AppDelegate.swift; sourceTree = "<group>"; };
		0D18C3D62AE16D7B00DDA2BB /* GoogleService-Info.plist */ = {isa = PBXFileReference; fileEncoding = 4; lastKnownFileType = text.plist.xml; path = "GoogleService-Info.plist"; sourceTree = "<group>"; };
		0D18C3D82AE1AD0A00DDA2BB /* CustomTextView.swift */ = {isa = PBXFileReference; lastKnownFileType = sourcecode.swift; path = CustomTextView.swift; sourceTree = "<group>"; };
		0D18C3F02AE2761800DDA2BB /* NotepadTests.xctest */ = {isa = PBXFileReference; explicitFileType = wrapper.cfbundle; includeInIndex = 0; path = NotepadTests.xctest; sourceTree = BUILT_PRODUCTS_DIR; };
		0D18C3FA2AE2763400DDA2BB /* StorageServiceMock.swift */ = {isa = PBXFileReference; lastKnownFileType = sourcecode.swift; path = StorageServiceMock.swift; sourceTree = "<group>"; };
		0D18C3FE2AE27F1400DDA2BB /* EntriesManagerMock.swift */ = {isa = PBXFileReference; lastKnownFileType = sourcecode.swift; path = EntriesManagerMock.swift; sourceTree = "<group>"; };
		0D87A5642AE2A5380012BC90 /* NoteEntityTests.swift */ = {isa = PBXFileReference; fileEncoding = 4; lastKnownFileType = sourcecode.swift; path = NoteEntityTests.swift; sourceTree = "<group>"; };
		0D87A5662AE2A5380012BC90 /* EntryBuilderTests.swift */ = {isa = PBXFileReference; fileEncoding = 4; lastKnownFileType = sourcecode.swift; path = EntryBuilderTests.swift; sourceTree = "<group>"; };
		0D87A5672AE2A5380012BC90 /* NotesManagerTests.swift */ = {isa = PBXFileReference; fileEncoding = 4; lastKnownFileType = sourcecode.swift; path = NotesManagerTests.swift; sourceTree = "<group>"; };
		0DAB60DC2AE00A4100258574 /* Notepad.app */ = {isa = PBXFileReference; explicitFileType = wrapper.application; includeInIndex = 0; path = Notepad.app; sourceTree = BUILT_PRODUCTS_DIR; };
		0DAB60DF2AE00A4100258574 /* NotepadApp.swift */ = {isa = PBXFileReference; lastKnownFileType = sourcecode.swift; path = NotepadApp.swift; sourceTree = "<group>"; };
		0DAB60E12AE00A4100258574 /* RootView.swift */ = {isa = PBXFileReference; lastKnownFileType = sourcecode.swift; path = RootView.swift; sourceTree = "<group>"; };
		0DAB60E32AE00A4400258574 /* Assets.xcassets */ = {isa = PBXFileReference; lastKnownFileType = folder.assetcatalog; path = Assets.xcassets; sourceTree = "<group>"; };
		0DAB60E62AE00A4400258574 /* Preview Assets.xcassets */ = {isa = PBXFileReference; lastKnownFileType = folder.assetcatalog; path = "Preview Assets.xcassets"; sourceTree = "<group>"; };
		0DAB60EE2AE00A9200258574 /* NoteEntity.swift */ = {isa = PBXFileReference; lastKnownFileType = sourcecode.swift; path = NoteEntity.swift; sourceTree = "<group>"; };
		0DAB60F12AE00BDB00258574 /* StorageService.swift */ = {isa = PBXFileReference; lastKnownFileType = sourcecode.swift; path = StorageService.swift; sourceTree = "<group>"; };
		0DAB60F42AE0135000258574 /* NotePreviewView.swift */ = {isa = PBXFileReference; lastKnownFileType = sourcecode.swift; path = NotePreviewView.swift; sourceTree = "<group>"; };
		0DAB60F62AE013B900258574 /* NoteDetailsView.swift */ = {isa = PBXFileReference; lastKnownFileType = sourcecode.swift; path = NoteDetailsView.swift; sourceTree = "<group>"; };
		0DAB60FA2AE118ED00258574 /* EnvironmentValues.swift */ = {isa = PBXFileReference; lastKnownFileType = sourcecode.swift; path = EnvironmentValues.swift; sourceTree = "<group>"; };
		0DAB60FC2AE11A9200258574 /* EntriesProviderService.swift */ = {isa = PBXFileReference; lastKnownFileType = sourcecode.swift; path = EntriesProviderService.swift; sourceTree = "<group>"; };
		0DAB60FE2AE11D5900258574 /* DependencyInjection.swift */ = {isa = PBXFileReference; lastKnownFileType = sourcecode.swift; path = DependencyInjection.swift; sourceTree = "<group>"; };
		0DAB61052AE14C0C00258574 /* WrapperViews.swift */ = {isa = PBXFileReference; lastKnownFileType = sourcecode.swift; path = WrapperViews.swift; sourceTree = "<group>"; };
		0DAB61082AE1589B00258574 /* NSNotification.swift */ = {isa = PBXFileReference; lastKnownFileType = sourcecode.swift; path = NSNotification.swift; sourceTree = "<group>"; };
/* End PBXFileReference section */

/* Begin PBXFrameworksBuildPhase section */
		0D18C3ED2AE2761800DDA2BB /* Frameworks */ = {
			isa = PBXFrameworksBuildPhase;
			buildActionMask = 2147483647;
			files = (
			);
			runOnlyForDeploymentPostprocessing = 0;
		};
		0DAB60D92AE00A4100258574 /* Frameworks */ = {
			isa = PBXFrameworksBuildPhase;
			buildActionMask = 2147483647;
			files = (
				0DAB61022AE11DA100258574 /* Swinject in Frameworks */,
				0D18C3BF2AE168C900DDA2BB /* FirebaseAnalyticsWithoutAdIdSupport in Frameworks */,
				0DAB61042AE11DA100258574 /* Swinject-Dynamic in Frameworks */,
				0D18C3B92AE168C900DDA2BB /* FirebaseAnalytics in Frameworks */,
				0D18C3C52AE168C900DDA2BB /* FirebaseAuth in Frameworks */,
				0D18C3CF2AE168CA00DDA2BB /* FirebaseDynamicLinks in Frameworks */,
				0D18C3C92AE168C900DDA2BB /* FirebaseCrashlytics in Frameworks */,
				0D18C3CD2AE168CA00DDA2BB /* FirebaseDatabaseSwift in Frameworks */,
				0D18C3D12AE168CA00DDA2BB /* FirebaseFirestore in Frameworks */,
				0D18C3CB2AE168CA00DDA2BB /* FirebaseDatabase in Frameworks */,
				0D18C3C12AE168C900DDA2BB /* FirebaseAppCheck in Frameworks */,
				0D18C3BB2AE168C900DDA2BB /* FirebaseAnalyticsOnDeviceConversion in Frameworks */,
				0D18C3BD2AE168C900DDA2BB /* FirebaseAnalyticsSwift in Frameworks */,
				0D18C3C32AE168C900DDA2BB /* FirebaseAppDistribution-Beta in Frameworks */,
				0D18C3C72AE168C900DDA2BB /* FirebaseAuthCombine-Community in Frameworks */,
			);
			runOnlyForDeploymentPostprocessing = 0;
		};
/* End PBXFrameworksBuildPhase section */

/* Begin PBXGroup section */
		0D18C3F12AE2761800DDA2BB /* NotepadTests */ = {
			isa = PBXGroup;
			children = (
				0D18C3F92AE2763400DDA2BB /* Mocks */,
				0D87A5642AE2A5380012BC90 /* NoteEntityTests.swift */,
				0D87A5652AE2A5380012BC90 /* Services */,
			);
			path = NotepadTests;
			sourceTree = "<group>";
		};
		0D18C3F92AE2763400DDA2BB /* Mocks */ = {
			isa = PBXGroup;
			children = (
				0D18C3FA2AE2763400DDA2BB /* StorageServiceMock.swift */,
				0D18C3FE2AE27F1400DDA2BB /* EntriesManagerMock.swift */,
			);
			path = Mocks;
			sourceTree = "<group>";
		};
		0D87A5652AE2A5380012BC90 /* Services */ = {
			isa = PBXGroup;
			children = (
				0D87A5662AE2A5380012BC90 /* EntryBuilderTests.swift */,
				0D87A5672AE2A5380012BC90 /* NotesManagerTests.swift */,
			);
			path = Services;
			sourceTree = "<group>";
		};
		0DAB60D32AE00A4000258574 = {
			isa = PBXGroup;
			children = (
				0DAB60DE2AE00A4100258574 /* Notepad */,
				0D18C3F12AE2761800DDA2BB /* NotepadTests */,
				0DAB60DD2AE00A4100258574 /* Products */,
			);
			sourceTree = "<group>";
		};
		0DAB60DD2AE00A4100258574 /* Products */ = {
			isa = PBXGroup;
			children = (
				0DAB60DC2AE00A4100258574 /* Notepad.app */,
				0D18C3F02AE2761800DDA2BB /* NotepadTests.xctest */,
			);
			name = Products;
			sourceTree = "<group>";
		};
		0DAB60DE2AE00A4100258574 /* Notepad */ = {
			isa = PBXGroup;
			children = (
				0DAB61072AE1588300258574 /* Extensions */,
				0DAB60F02AE00BA200258574 /* Services */,
				0DAB60ED2AE00A5200258574 /* Model */,
				0DAB60DF2AE00A4100258574 /* NotepadApp.swift */,
				0D18C3D42AE16CC400DDA2BB /* AppDelegate.swift */,
				0DAB60FA2AE118ED00258574 /* EnvironmentValues.swift */,
				0DAB60FE2AE11D5900258574 /* DependencyInjection.swift */,
				0DAB60F32AE010AE00258574 /* UserInterface */,
				0DAB60E32AE00A4400258574 /* Assets.xcassets */,
				0D18C3D62AE16D7B00DDA2BB /* GoogleService-Info.plist */,
				0DAB60E52AE00A4400258574 /* Preview Content */,
			);
			path = Notepad;
			sourceTree = "<group>";
		};
		0DAB60E52AE00A4400258574 /* Preview Content */ = {
			isa = PBXGroup;
			children = (
				0DAB60E62AE00A4400258574 /* Preview Assets.xcassets */,
			);
			path = "Preview Content";
			sourceTree = "<group>";
		};
		0DAB60ED2AE00A5200258574 /* Model */ = {
			isa = PBXGroup;
			children = (
				0DAB60EE2AE00A9200258574 /* NoteEntity.swift */,
			);
			path = Model;
			sourceTree = "<group>";
		};
		0DAB60F02AE00BA200258574 /* Services */ = {
			isa = PBXGroup;
			children = (
				0DAB60F12AE00BDB00258574 /* StorageService.swift */,
				0D18C3D22AE1693700DDA2BB /* FirestoreStorage.swift */,
				0DAB60FC2AE11A9200258574 /* EntriesProviderService.swift */,
				0D18C3B52AE1622C00DDA2BB /* EntryBuilder.swift */,
			);
			path = Services;
			sourceTree = "<group>";
		};
		0DAB60F32AE010AE00258574 /* UserInterface */ = {
			isa = PBXGroup;
			children = (
				0DAB60E12AE00A4100258574 /* RootView.swift */,
				0DAB60F42AE0135000258574 /* NotePreviewView.swift */,
				0DAB60F62AE013B900258574 /* NoteDetailsView.swift */,
				0D18C3D82AE1AD0A00DDA2BB /* CustomTextView.swift */,
				0DAB61052AE14C0C00258574 /* WrapperViews.swift */,
			);
			path = UserInterface;
			sourceTree = "<group>";
		};
		0DAB61072AE1588300258574 /* Extensions */ = {
			isa = PBXGroup;
			children = (
				0DAB61082AE1589B00258574 /* NSNotification.swift */,
			);
			path = Extensions;
			sourceTree = "<group>";
		};
/* End PBXGroup section */

/* Begin PBXNativeTarget section */
		0D18C3EF2AE2761800DDA2BB /* NotepadTests */ = {
			isa = PBXNativeTarget;
			buildConfigurationList = 0D18C3F62AE2761800DDA2BB /* Build configuration list for PBXNativeTarget "NotepadTests" */;
			buildPhases = (
				0D18C3EC2AE2761800DDA2BB /* Sources */,
				0D18C3ED2AE2761800DDA2BB /* Frameworks */,
				0D18C3EE2AE2761800DDA2BB /* Resources */,
			);
			buildRules = (
			);
			dependencies = (
				0D18C3F52AE2761800DDA2BB /* PBXTargetDependency */,
			);
			name = NotepadTests;
			productName = NotepadTests;
			productReference = 0D18C3F02AE2761800DDA2BB /* NotepadTests.xctest */;
			productType = "com.apple.product-type.bundle.unit-test";
		};
		0DAB60DB2AE00A4100258574 /* Notepad */ = {
			isa = PBXNativeTarget;
			buildConfigurationList = 0DAB60EA2AE00A4400258574 /* Build configuration list for PBXNativeTarget "Notepad" */;
			buildPhases = (
				0DAB60D82AE00A4100258574 /* Sources */,
				0DAB60D92AE00A4100258574 /* Frameworks */,
				0DAB60DA2AE00A4100258574 /* Resources */,
			);
			buildRules = (
			);
			dependencies = (
			);
			name = Notepad;
			packageProductDependencies = (
				0DAB61012AE11DA100258574 /* Swinject */,
				0DAB61032AE11DA100258574 /* Swinject-Dynamic */,
				0D18C3B82AE168C900DDA2BB /* FirebaseAnalytics */,
				0D18C3BA2AE168C900DDA2BB /* FirebaseAnalyticsOnDeviceConversion */,
				0D18C3BC2AE168C900DDA2BB /* FirebaseAnalyticsSwift */,
				0D18C3BE2AE168C900DDA2BB /* FirebaseAnalyticsWithoutAdIdSupport */,
				0D18C3C02AE168C900DDA2BB /* FirebaseAppCheck */,
				0D18C3C22AE168C900DDA2BB /* FirebaseAppDistribution-Beta */,
				0D18C3C42AE168C900DDA2BB /* FirebaseAuth */,
				0D18C3C62AE168C900DDA2BB /* FirebaseAuthCombine-Community */,
				0D18C3C82AE168C900DDA2BB /* FirebaseCrashlytics */,
				0D18C3CA2AE168CA00DDA2BB /* FirebaseDatabase */,
				0D18C3CC2AE168CA00DDA2BB /* FirebaseDatabaseSwift */,
				0D18C3CE2AE168CA00DDA2BB /* FirebaseDynamicLinks */,
				0D18C3D02AE168CA00DDA2BB /* FirebaseFirestore */,
			);
			productName = Notepad;
			productReference = 0DAB60DC2AE00A4100258574 /* Notepad.app */;
			productType = "com.apple.product-type.application";
		};
/* End PBXNativeTarget section */

/* Begin PBXProject section */
		0DAB60D42AE00A4100258574 /* Project object */ = {
			isa = PBXProject;
			attributes = {
				BuildIndependentTargetsInParallel = 1;
				LastSwiftUpdateCheck = 1500;
				LastUpgradeCheck = 1500;
				TargetAttributes = {
					0D18C3EF2AE2761800DDA2BB = {
						CreatedOnToolsVersion = 15.0;
						TestTargetID = 0DAB60DB2AE00A4100258574;
					};
					0DAB60DB2AE00A4100258574 = {
						CreatedOnToolsVersion = 15.0;
					};
				};
			};
			buildConfigurationList = 0DAB60D72AE00A4100258574 /* Build configuration list for PBXProject "Notepad" */;
			compatibilityVersion = "Xcode 14.0";
			developmentRegion = en;
			hasScannedForEncodings = 0;
			knownRegions = (
				en,
				Base,
			);
			mainGroup = 0DAB60D32AE00A4000258574;
			packageReferences = (
				0DAB61002AE11DA100258574 /* XCRemoteSwiftPackageReference "Swinject" */,
				0D18C3B72AE168C900DDA2BB /* XCRemoteSwiftPackageReference "firebase-ios-sdk" */,
			);
			productRefGroup = 0DAB60DD2AE00A4100258574 /* Products */;
			projectDirPath = "";
			projectRoot = "";
			targets = (
				0DAB60DB2AE00A4100258574 /* Notepad */,
				0D18C3EF2AE2761800DDA2BB /* NotepadTests */,
			);
		};
/* End PBXProject section */

/* Begin PBXResourcesBuildPhase section */
		0D18C3EE2AE2761800DDA2BB /* Resources */ = {
			isa = PBXResourcesBuildPhase;
			buildActionMask = 2147483647;
			files = (
			);
			runOnlyForDeploymentPostprocessing = 0;
		};
		0DAB60DA2AE00A4100258574 /* Resources */ = {
			isa = PBXResourcesBuildPhase;
			buildActionMask = 2147483647;
			files = (
				0DAB60E72AE00A4400258574 /* Preview Assets.xcassets in Resources */,
				0DAB60E42AE00A4400258574 /* Assets.xcassets in Resources */,
				0D18C3D72AE16D7B00DDA2BB /* GoogleService-Info.plist in Resources */,
			);
			runOnlyForDeploymentPostprocessing = 0;
		};
/* End PBXResourcesBuildPhase section */

/* Begin PBXSourcesBuildPhase section */
		0D18C3EC2AE2761800DDA2BB /* Sources */ = {
			isa = PBXSourcesBuildPhase;
			buildActionMask = 2147483647;
			files = (
				0D18C3FB2AE2763400DDA2BB /* StorageServiceMock.swift in Sources */,
				0D87A56A2AE2A5380012BC90 /* NotesManagerTests.swift in Sources */,
				0D87A5692AE2A5380012BC90 /* EntryBuilderTests.swift in Sources */,
				0D18C3FF2AE27F1400DDA2BB /* EntriesManagerMock.swift in Sources */,
				0D87A5682AE2A5380012BC90 /* NoteEntityTests.swift in Sources */,
			);
			runOnlyForDeploymentPostprocessing = 0;
		};
		0DAB60D82AE00A4100258574 /* Sources */ = {
			isa = PBXSourcesBuildPhase;
			buildActionMask = 2147483647;
			files = (
				0D18C3D32AE1693700DDA2BB /* FirestoreStorage.swift in Sources */,
				0DAB60E22AE00A4100258574 /* RootView.swift in Sources */,
				0DAB60F22AE00BDB00258574 /* StorageService.swift in Sources */,
				0DAB60FF2AE11D5900258574 /* DependencyInjection.swift in Sources */,
				0D18C3D52AE16CC400DDA2BB /* AppDelegate.swift in Sources */,
				0DAB61062AE14C0C00258574 /* WrapperViews.swift in Sources */,
				0DAB60F52AE0135000258574 /* NotePreviewView.swift in Sources */,
				0DAB60EF2AE00A9200258574 /* NoteEntity.swift in Sources */,
				0DAB61092AE1589B00258574 /* NSNotification.swift in Sources */,
				0DAB60E02AE00A4100258574 /* NotepadApp.swift in Sources */,
				0DAB60F72AE013B900258574 /* NoteDetailsView.swift in Sources */,
				0D18C3D92AE1AD0A00DDA2BB /* CustomTextView.swift in Sources */,
				0DAB60FD2AE11A9200258574 /* EntriesProviderService.swift in Sources */,
				0D18C3B62AE1622C00DDA2BB /* EntryBuilder.swift in Sources */,
				0DAB60FB2AE118ED00258574 /* EnvironmentValues.swift in Sources */,
			);
			runOnlyForDeploymentPostprocessing = 0;
		};
/* End PBXSourcesBuildPhase section */

/* Begin PBXTargetDependency section */
		0D18C3F52AE2761800DDA2BB /* PBXTargetDependency */ = {
			isa = PBXTargetDependency;
			target = 0DAB60DB2AE00A4100258574 /* Notepad */;
			targetProxy = 0D18C3F42AE2761800DDA2BB /* PBXContainerItemProxy */;
		};
/* End PBXTargetDependency section */

/* Begin XCBuildConfiguration section */
		0D18C3F72AE2761800DDA2BB /* Debug */ = {
			isa = XCBuildConfiguration;
			buildSettings = {
				BUNDLE_LOADER = "$(TEST_HOST)";
				CODE_SIGN_STYLE = Automatic;
				CURRENT_PROJECT_VERSION = 1;
				DEVELOPMENT_TEAM = L2HG8KUPMF;
				GENERATE_INFOPLIST_FILE = YES;
				MARKETING_VERSION = 1.0;
				PRODUCT_BUNDLE_IDENTIFIER = com.zhuk.heed.NotepadTests;
				PRODUCT_NAME = "$(TARGET_NAME)";
				SWIFT_EMIT_LOC_STRINGS = NO;
				SWIFT_VERSION = 5.0;
				TARGETED_DEVICE_FAMILY = "1,2";
				TEST_HOST = "$(BUILT_PRODUCTS_DIR)/Notepad.app/$(BUNDLE_EXECUTABLE_FOLDER_PATH)/Notepad";
			};
			name = Debug;
		};
		0D18C3F82AE2761800DDA2BB /* Release */ = {
			isa = XCBuildConfiguration;
			buildSettings = {
				BUNDLE_LOADER = "$(TEST_HOST)";
				CODE_SIGN_STYLE = Automatic;
				CURRENT_PROJECT_VERSION = 1;
				DEVELOPMENT_TEAM = L2HG8KUPMF;
				GENERATE_INFOPLIST_FILE = YES;
				MARKETING_VERSION = 1.0;
				PRODUCT_BUNDLE_IDENTIFIER = com.zhuk.heed.NotepadTests;
				PRODUCT_NAME = "$(TARGET_NAME)";
				SWIFT_EMIT_LOC_STRINGS = NO;
				SWIFT_VERSION = 5.0;
				TARGETED_DEVICE_FAMILY = "1,2";
				TEST_HOST = "$(BUILT_PRODUCTS_DIR)/Notepad.app/$(BUNDLE_EXECUTABLE_FOLDER_PATH)/Notepad";
			};
			name = Release;
		};
		0DAB60E82AE00A4400258574 /* Debug */ = {
			isa = XCBuildConfiguration;
			buildSettings = {
				ALWAYS_SEARCH_USER_PATHS = NO;
				ASSETCATALOG_COMPILER_GENERATE_SWIFT_ASSET_SYMBOL_EXTENSIONS = YES;
				CLANG_ANALYZER_NONNULL = YES;
				CLANG_ANALYZER_NUMBER_OBJECT_CONVERSION = YES_AGGRESSIVE;
				CLANG_CXX_LANGUAGE_STANDARD = "gnu++20";
				CLANG_ENABLE_MODULES = YES;
				CLANG_ENABLE_OBJC_ARC = YES;
				CLANG_ENABLE_OBJC_WEAK = YES;
				CLANG_WARN_BLOCK_CAPTURE_AUTORELEASING = YES;
				CLANG_WARN_BOOL_CONVERSION = YES;
				CLANG_WARN_COMMA = YES;
				CLANG_WARN_CONSTANT_CONVERSION = YES;
				CLANG_WARN_DEPRECATED_OBJC_IMPLEMENTATIONS = YES;
				CLANG_WARN_DIRECT_OBJC_ISA_USAGE = YES_ERROR;
				CLANG_WARN_DOCUMENTATION_COMMENTS = YES;
				CLANG_WARN_EMPTY_BODY = YES;
				CLANG_WARN_ENUM_CONVERSION = YES;
				CLANG_WARN_INFINITE_RECURSION = YES;
				CLANG_WARN_INT_CONVERSION = YES;
				CLANG_WARN_NON_LITERAL_NULL_CONVERSION = YES;
				CLANG_WARN_OBJC_IMPLICIT_RETAIN_SELF = YES;
				CLANG_WARN_OBJC_LITERAL_CONVERSION = YES;
				CLANG_WARN_OBJC_ROOT_CLASS = YES_ERROR;
				CLANG_WARN_QUOTED_INCLUDE_IN_FRAMEWORK_HEADER = YES;
				CLANG_WARN_RANGE_LOOP_ANALYSIS = YES;
				CLANG_WARN_STRICT_PROTOTYPES = YES;
				CLANG_WARN_SUSPICIOUS_MOVE = YES;
				CLANG_WARN_UNGUARDED_AVAILABILITY = YES_AGGRESSIVE;
				CLANG_WARN_UNREACHABLE_CODE = YES;
				CLANG_WARN__DUPLICATE_METHOD_MATCH = YES;
				COPY_PHASE_STRIP = NO;
				DEBUG_INFORMATION_FORMAT = dwarf;
				ENABLE_STRICT_OBJC_MSGSEND = YES;
				ENABLE_TESTABILITY = YES;
				ENABLE_USER_SCRIPT_SANDBOXING = YES;
				GCC_C_LANGUAGE_STANDARD = gnu17;
				GCC_DYNAMIC_NO_PIC = NO;
				GCC_NO_COMMON_BLOCKS = YES;
				GCC_OPTIMIZATION_LEVEL = 0;
				GCC_PREPROCESSOR_DEFINITIONS = (
					"DEBUG=1",
					"$(inherited)",
				);
				GCC_WARN_64_TO_32_BIT_CONVERSION = YES;
				GCC_WARN_ABOUT_RETURN_TYPE = YES_ERROR;
				GCC_WARN_UNDECLARED_SELECTOR = YES;
				GCC_WARN_UNINITIALIZED_AUTOS = YES_AGGRESSIVE;
				GCC_WARN_UNUSED_FUNCTION = YES;
				GCC_WARN_UNUSED_VARIABLE = YES;
				IPHONEOS_DEPLOYMENT_TARGET = 17.0;
				LOCALIZATION_PREFERS_STRING_CATALOGS = YES;
				MTL_ENABLE_DEBUG_INFO = INCLUDE_SOURCE;
				MTL_FAST_MATH = YES;
				ONLY_ACTIVE_ARCH = YES;
				SDKROOT = iphoneos;
				SWIFT_ACTIVE_COMPILATION_CONDITIONS = "DEBUG $(inherited)";
				SWIFT_OPTIMIZATION_LEVEL = "-Onone";
			};
			name = Debug;
		};
		0DAB60E92AE00A4400258574 /* Release */ = {
			isa = XCBuildConfiguration;
			buildSettings = {
				ALWAYS_SEARCH_USER_PATHS = NO;
				ASSETCATALOG_COMPILER_GENERATE_SWIFT_ASSET_SYMBOL_EXTENSIONS = YES;
				CLANG_ANALYZER_NONNULL = YES;
				CLANG_ANALYZER_NUMBER_OBJECT_CONVERSION = YES_AGGRESSIVE;
				CLANG_CXX_LANGUAGE_STANDARD = "gnu++20";
				CLANG_ENABLE_MODULES = YES;
				CLANG_ENABLE_OBJC_ARC = YES;
				CLANG_ENABLE_OBJC_WEAK = YES;
				CLANG_WARN_BLOCK_CAPTURE_AUTORELEASING = YES;
				CLANG_WARN_BOOL_CONVERSION = YES;
				CLANG_WARN_COMMA = YES;
				CLANG_WARN_CONSTANT_CONVERSION = YES;
				CLANG_WARN_DEPRECATED_OBJC_IMPLEMENTATIONS = YES;
				CLANG_WARN_DIRECT_OBJC_ISA_USAGE = YES_ERROR;
				CLANG_WARN_DOCUMENTATION_COMMENTS = YES;
				CLANG_WARN_EMPTY_BODY = YES;
				CLANG_WARN_ENUM_CONVERSION = YES;
				CLANG_WARN_INFINITE_RECURSION = YES;
				CLANG_WARN_INT_CONVERSION = YES;
				CLANG_WARN_NON_LITERAL_NULL_CONVERSION = YES;
				CLANG_WARN_OBJC_IMPLICIT_RETAIN_SELF = YES;
				CLANG_WARN_OBJC_LITERAL_CONVERSION = YES;
				CLANG_WARN_OBJC_ROOT_CLASS = YES_ERROR;
				CLANG_WARN_QUOTED_INCLUDE_IN_FRAMEWORK_HEADER = YES;
				CLANG_WARN_RANGE_LOOP_ANALYSIS = YES;
				CLANG_WARN_STRICT_PROTOTYPES = YES;
				CLANG_WARN_SUSPICIOUS_MOVE = YES;
				CLANG_WARN_UNGUARDED_AVAILABILITY = YES_AGGRESSIVE;
				CLANG_WARN_UNREACHABLE_CODE = YES;
				CLANG_WARN__DUPLICATE_METHOD_MATCH = YES;
				COPY_PHASE_STRIP = NO;
				DEBUG_INFORMATION_FORMAT = "dwarf-with-dsym";
				ENABLE_NS_ASSERTIONS = NO;
				ENABLE_STRICT_OBJC_MSGSEND = YES;
				ENABLE_USER_SCRIPT_SANDBOXING = YES;
				GCC_C_LANGUAGE_STANDARD = gnu17;
				GCC_NO_COMMON_BLOCKS = YES;
				GCC_WARN_64_TO_32_BIT_CONVERSION = YES;
				GCC_WARN_ABOUT_RETURN_TYPE = YES_ERROR;
				GCC_WARN_UNDECLARED_SELECTOR = YES;
				GCC_WARN_UNINITIALIZED_AUTOS = YES_AGGRESSIVE;
				GCC_WARN_UNUSED_FUNCTION = YES;
				GCC_WARN_UNUSED_VARIABLE = YES;
				IPHONEOS_DEPLOYMENT_TARGET = 17.0;
				LOCALIZATION_PREFERS_STRING_CATALOGS = YES;
				MTL_ENABLE_DEBUG_INFO = NO;
				MTL_FAST_MATH = YES;
				SDKROOT = iphoneos;
				SWIFT_COMPILATION_MODE = wholemodule;
				VALIDATE_PRODUCT = YES;
			};
			name = Release;
		};
		0DAB60EB2AE00A4400258574 /* Debug */ = {
			isa = XCBuildConfiguration;
			buildSettings = {
				ASSETCATALOG_COMPILER_APPICON_NAME = AppIcon;
				ASSETCATALOG_COMPILER_GLOBAL_ACCENT_COLOR_NAME = AccentColor;
				CODE_SIGN_STYLE = Automatic;
				CURRENT_PROJECT_VERSION = 1;
				DEVELOPMENT_ASSET_PATHS = "\"Notepad/Preview Content\"";
				DEVELOPMENT_TEAM = L2HG8KUPMF;
				ENABLE_PREVIEWS = YES;
				GENERATE_INFOPLIST_FILE = YES;
				INFOPLIST_KEY_UIApplicationSceneManifest_Generation = YES;
				INFOPLIST_KEY_UIApplicationSupportsIndirectInputEvents = YES;
				INFOPLIST_KEY_UILaunchScreen_Generation = YES;
				INFOPLIST_KEY_UISupportedInterfaceOrientations_iPad = "UIInterfaceOrientationPortrait UIInterfaceOrientationPortraitUpsideDown UIInterfaceOrientationLandscapeLeft UIInterfaceOrientationLandscapeRight";
				INFOPLIST_KEY_UISupportedInterfaceOrientations_iPhone = "UIInterfaceOrientationPortrait UIInterfaceOrientationLandscapeLeft UIInterfaceOrientationLandscapeRight";
				LD_RUNPATH_SEARCH_PATHS = (
					"$(inherited)",
					"@executable_path/Frameworks",
				);
				MARKETING_VERSION = 1.0;
				PRODUCT_BUNDLE_IDENTIFIER = com.zhuk.heed.Notepad;
				PRODUCT_NAME = "$(TARGET_NAME)";
				SWIFT_EMIT_LOC_STRINGS = YES;
				SWIFT_VERSION = 5.0;
				TARGETED_DEVICE_FAMILY = "1,2";
			};
			name = Debug;
		};
		0DAB60EC2AE00A4400258574 /* Release */ = {
			isa = XCBuildConfiguration;
			buildSettings = {
				ASSETCATALOG_COMPILER_APPICON_NAME = AppIcon;
				ASSETCATALOG_COMPILER_GLOBAL_ACCENT_COLOR_NAME = AccentColor;
				CODE_SIGN_STYLE = Automatic;
				CURRENT_PROJECT_VERSION = 1;
				DEVELOPMENT_ASSET_PATHS = "\"Notepad/Preview Content\"";
				DEVELOPMENT_TEAM = L2HG8KUPMF;
				ENABLE_PREVIEWS = YES;
				GENERATE_INFOPLIST_FILE = YES;
				INFOPLIST_KEY_UIApplicationSceneManifest_Generation = YES;
				INFOPLIST_KEY_UIApplicationSupportsIndirectInputEvents = YES;
				INFOPLIST_KEY_UILaunchScreen_Generation = YES;
				INFOPLIST_KEY_UISupportedInterfaceOrientations_iPad = "UIInterfaceOrientationPortrait UIInterfaceOrientationPortraitUpsideDown UIInterfaceOrientationLandscapeLeft UIInterfaceOrientationLandscapeRight";
				INFOPLIST_KEY_UISupportedInterfaceOrientations_iPhone = "UIInterfaceOrientationPortrait UIInterfaceOrientationLandscapeLeft UIInterfaceOrientationLandscapeRight";
				LD_RUNPATH_SEARCH_PATHS = (
					"$(inherited)",
					"@executable_path/Frameworks",
				);
				MARKETING_VERSION = 1.0;
				PRODUCT_BUNDLE_IDENTIFIER = com.zhuk.heed.Notepad;
				PRODUCT_NAME = "$(TARGET_NAME)";
				SWIFT_EMIT_LOC_STRINGS = YES;
				SWIFT_VERSION = 5.0;
				TARGETED_DEVICE_FAMILY = "1,2";
			};
			name = Release;
		};
/* End XCBuildConfiguration section */

/* Begin XCConfigurationList section */
		0D18C3F62AE2761800DDA2BB /* Build configuration list for PBXNativeTarget "NotepadTests" */ = {
			isa = XCConfigurationList;
			buildConfigurations = (
				0D18C3F72AE2761800DDA2BB /* Debug */,
				0D18C3F82AE2761800DDA2BB /* Release */,
			);
			defaultConfigurationIsVisible = 0;
			defaultConfigurationName = Release;
		};
		0DAB60D72AE00A4100258574 /* Build configuration list for PBXProject "Notepad" */ = {
			isa = XCConfigurationList;
			buildConfigurations = (
				0DAB60E82AE00A4400258574 /* Debug */,
				0DAB60E92AE00A4400258574 /* Release */,
			);
			defaultConfigurationIsVisible = 0;
			defaultConfigurationName = Release;
		};
		0DAB60EA2AE00A4400258574 /* Build configuration list for PBXNativeTarget "Notepad" */ = {
			isa = XCConfigurationList;
			buildConfigurations = (
				0DAB60EB2AE00A4400258574 /* Debug */,
				0DAB60EC2AE00A4400258574 /* Release */,
			);
			defaultConfigurationIsVisible = 0;
			defaultConfigurationName = Release;
		};
/* End XCConfigurationList section */

/* Begin XCRemoteSwiftPackageReference section */
		0D18C3B72AE168C900DDA2BB /* XCRemoteSwiftPackageReference "firebase-ios-sdk" */ = {
			isa = XCRemoteSwiftPackageReference;
			repositoryURL = "https://github.com/firebase/firebase-ios-sdk.git";
			requirement = {
				kind = upToNextMajorVersion;
				minimumVersion = 10.16.0;
			};
		};
		0DAB61002AE11DA100258574 /* XCRemoteSwiftPackageReference "Swinject" */ = {
			isa = XCRemoteSwiftPackageReference;
			repositoryURL = "https://github.com/Swinject/Swinject.git";
			requirement = {
				kind = upToNextMajorVersion;
				minimumVersion = 2.8.4;
			};
		};
/* End XCRemoteSwiftPackageReference section */

/* Begin XCSwiftPackageProductDependency section */
		0D18C3B82AE168C900DDA2BB /* FirebaseAnalytics */ = {
			isa = XCSwiftPackageProductDependency;
			package = 0D18C3B72AE168C900DDA2BB /* XCRemoteSwiftPackageReference "firebase-ios-sdk" */;
			productName = FirebaseAnalytics;
		};
		0D18C3BA2AE168C900DDA2BB /* FirebaseAnalyticsOnDeviceConversion */ = {
			isa = XCSwiftPackageProductDependency;
			package = 0D18C3B72AE168C900DDA2BB /* XCRemoteSwiftPackageReference "firebase-ios-sdk" */;
			productName = FirebaseAnalyticsOnDeviceConversion;
		};
		0D18C3BC2AE168C900DDA2BB /* FirebaseAnalyticsSwift */ = {
			isa = XCSwiftPackageProductDependency;
			package = 0D18C3B72AE168C900DDA2BB /* XCRemoteSwiftPackageReference "firebase-ios-sdk" */;
			productName = FirebaseAnalyticsSwift;
		};
		0D18C3BE2AE168C900DDA2BB /* FirebaseAnalyticsWithoutAdIdSupport */ = {
			isa = XCSwiftPackageProductDependency;
			package = 0D18C3B72AE168C900DDA2BB /* XCRemoteSwiftPackageReference "firebase-ios-sdk" */;
			productName = FirebaseAnalyticsWithoutAdIdSupport;
		};
		0D18C3C02AE168C900DDA2BB /* FirebaseAppCheck */ = {
			isa = XCSwiftPackageProductDependency;
			package = 0D18C3B72AE168C900DDA2BB /* XCRemoteSwiftPackageReference "firebase-ios-sdk" */;
			productName = FirebaseAppCheck;
		};
		0D18C3C22AE168C900DDA2BB /* FirebaseAppDistribution-Beta */ = {
			isa = XCSwiftPackageProductDependency;
			package = 0D18C3B72AE168C900DDA2BB /* XCRemoteSwiftPackageReference "firebase-ios-sdk" */;
			productName = "FirebaseAppDistribution-Beta";
		};
		0D18C3C42AE168C900DDA2BB /* FirebaseAuth */ = {
			isa = XCSwiftPackageProductDependency;
			package = 0D18C3B72AE168C900DDA2BB /* XCRemoteSwiftPackageReference "firebase-ios-sdk" */;
			productName = FirebaseAuth;
		};
		0D18C3C62AE168C900DDA2BB /* FirebaseAuthCombine-Community */ = {
			isa = XCSwiftPackageProductDependency;
			package = 0D18C3B72AE168C900DDA2BB /* XCRemoteSwiftPackageReference "firebase-ios-sdk" */;
			productName = "FirebaseAuthCombine-Community";
		};
		0D18C3C82AE168C900DDA2BB /* FirebaseCrashlytics */ = {
			isa = XCSwiftPackageProductDependency;
			package = 0D18C3B72AE168C900DDA2BB /* XCRemoteSwiftPackageReference "firebase-ios-sdk" */;
			productName = FirebaseCrashlytics;
		};
		0D18C3CA2AE168CA00DDA2BB /* FirebaseDatabase */ = {
			isa = XCSwiftPackageProductDependency;
			package = 0D18C3B72AE168C900DDA2BB /* XCRemoteSwiftPackageReference "firebase-ios-sdk" */;
			productName = FirebaseDatabase;
		};
		0D18C3CC2AE168CA00DDA2BB /* FirebaseDatabaseSwift */ = {
			isa = XCSwiftPackageProductDependency;
			package = 0D18C3B72AE168C900DDA2BB /* XCRemoteSwiftPackageReference "firebase-ios-sdk" */;
			productName = FirebaseDatabaseSwift;
		};
		0D18C3CE2AE168CA00DDA2BB /* FirebaseDynamicLinks */ = {
			isa = XCSwiftPackageProductDependency;
			package = 0D18C3B72AE168C900DDA2BB /* XCRemoteSwiftPackageReference "firebase-ios-sdk" */;
			productName = FirebaseDynamicLinks;
		};
		0D18C3D02AE168CA00DDA2BB /* FirebaseFirestore */ = {
			isa = XCSwiftPackageProductDependency;
			package = 0D18C3B72AE168C900DDA2BB /* XCRemoteSwiftPackageReference "firebase-ios-sdk" */;
			productName = FirebaseFirestore;
		};
		0DAB61012AE11DA100258574 /* Swinject */ = {
			isa = XCSwiftPackageProductDependency;
			package = 0DAB61002AE11DA100258574 /* XCRemoteSwiftPackageReference "Swinject" */;
			productName = Swinject;
		};
		0DAB61032AE11DA100258574 /* Swinject-Dynamic */ = {
			isa = XCSwiftPackageProductDependency;
			package = 0DAB61002AE11DA100258574 /* XCRemoteSwiftPackageReference "Swinject" */;
			productName = "Swinject-Dynamic";
		};
/* End XCSwiftPackageProductDependency section */
	};
	rootObject = 0DAB60D42AE00A4100258574 /* Project object */;
}
